
Microsoft Visual Studio Solution File, Format Version 12.00
# Visual Studio Version 17
VisualStudioVersion = 17.11.35327.3
MinimumVisualStudioVersion = 10.0.40219.1
Project("{9A19103F-16F7-4668-BE54-9A1E7A4F7556}") = "EQUIX", "EQUIX.csproj", "{D12667F9-4691-4948-B1BC-5D9D971FD810}"
EndProject
Global
	GlobalSection(SolutionConfigurationPlatforms) = preSolution
		Debug|Any CPU = Debug|Any CPU
		Debug|ARM64 = Debug|ARM64
		Debug|x64 = Debug|x64
		Debug|x86 = Debug|x86
		Release|Any CPU = Release|Any CPU
		Release|ARM64 = Release|ARM64
		Release|x64 = Release|x64
		Release|x86 = Release|x86
	EndGlobalSection
	GlobalSection(ProjectConfigurationPlatforms) = postSolution
		{D12667F9-4691-4948-B1BC-5D9D971FD810}.Debug|Any CPU.ActiveCfg = Debug|Any CPU
		{D12667F9-4691-4948-B1BC-5D9D971FD810}.Debug|Any CPU.Build.0 = Debug|Any CPU
		{D12667F9-4691-4948-B1BC-5D9D971FD810}.Debug|ARM64.ActiveCfg = Debug|Any CPU
		{D12667F9-4691-4948-B1BC-5D9D971FD810}.Debug|ARM64.Build.0 = Debug|Any CPU
		{D12667F9-4691-4948-B1BC-5D9D971FD810}.Debug|x64.ActiveCfg = Debug|x64
		{D12667F9-4691-4948-B1BC-5D9D971FD810}.Debug|x64.Build.0 = Debug|x64
		{D12667F9-4691-4948-B1BC-5D9D971FD810}.Debug|x86.ActiveCfg = Debug|Any CPU
		{D12667F9-4691-4948-B1BC-5D9D971FD810}.Debug|x86.Build.0 = Debug|Any CPU
		{D12667F9-4691-4948-B1BC-5D9D971FD810}.Release|Any CPU.ActiveCfg = Release|Any CPU
		{D12667F9-4691-4948-B1BC-5D9D971FD810}.Release|Any CPU.Build.0 = Release|Any CPU
		{D12667F9-4691-4948-B1BC-5D9D971FD810}.Release|ARM64.ActiveCfg = Release|Any CPU
		{D12667F9-4691-4948-B1BC-5D9D971FD810}.Release|ARM64.Build.0 = Release|Any CPU
		{D12667F9-4691-4948-B1BC-5D9D971FD810}.Release|x64.ActiveCfg = Release|Any CPU
		{D12667F9-4691-4948-B1BC-5D9D971FD810}.Release|x64.Build.0 = Release|Any CPU
		{D12667F9-4691-4948-B1BC-5D9D971FD810}.Release|x86.ActiveCfg = Release|Any CPU
		{D12667F9-4691-4948-B1BC-5D9D971FD810}.Release|x86.Build.0 = Release|Any CPU
	EndGlobalSection
	GlobalSection(SolutionProperties) = preSolution
		HideSolutionNode = FALSE
	EndGlobalSection
	GlobalSection(ExtensibilityGlobals) = postSolution
		SolutionGuid = {691E2941-52E7-40BB-83B6-7973A88A2EFD}
	EndGlobalSection
EndGlobal
